
Microsoft Visual Studio Solution File, Format Version 12.00
# Visual Studio 15
VisualStudioVersion = 15.0.28307.168
MinimumVisualStudioVersion = 10.0.40219.1
Project("{2150E333-8FDC-42A3-9474-1A3956D46DE8}") = "BLL", "BLL", "{30C9B13C-2164-4584-9BD0-A5070CFDEA92}"
EndProject
Project("{2150E333-8FDC-42A3-9474-1A3956D46DE8}") = "DAL", "DAL", "{234A2370-3FA1-4650-ACED-8800A094C975}"
EndProject
Project("{2150E333-8FDC-42A3-9474-1A3956D46DE8}") = "Common", "Common", "{99AE3603-DAEB-4838-9806-BED1435B8E6B}"
EndProject
Project("{2150E333-8FDC-42A3-9474-1A3956D46DE8}") = "Model", "Model", "{9F290A43-CCC0-41D9-A1FA-469AD8567B4B}"
EndProject
Project("{2150E333-8FDC-42A3-9474-1A3956D46DE8}") = "UI", "UI", "{12CFF90F-87D4-4C17-88FC-31F3881C8DA7}"
EndProject
Project("{FAE04EC0-301F-11D3-BF4B-00C04F79EFBC}") = "SDAU.GCT.OA.Model", "SDAU.GCT.OA.Model\SDAU.GCT.OA.Model.csproj", "{B9DC057C-1CDF-4C96-8A54-439361BE68C9}"
EndProject
Project("{FAE04EC0-301F-11D3-BF4B-00C04F79EFBC}") = "SDAU.GCT.OA.UI.Portal", "SDAU.GCT.OA.UI.Portal\SDAU.GCT.OA.UI.Portal.csproj", "{5EC2143B-9672-4B0F-8287-92F65CEC4DA6}"
EndProject
Project("{FAE04EC0-301F-11D3-BF4B-00C04F79EFBC}") = "SDAU.GCT.OA.DAL", "SDAU.GCT.OA.DAL\SDAU.GCT.OA.DAL.csproj", "{D23484D6-3111-4F3F-B8F7-47075FB98A1D}"
EndProject
Project("{FAE04EC0-301F-11D3-BF4B-00C04F79EFBC}") = "SDAU.GCT.OA.IDAL", "SDAU.GCT.OA.IDAL\SDAU.GCT.OA.IDAL.csproj", "{7B855083-75F7-4FDF-9C81-36D77E578F87}"
EndProject
Project("{FAE04EC0-301F-11D3-BF4B-00C04F79EFBC}") = "SDAU.GCT.OA.IBLL", "SDAU.GCT.OA.IBLL\SDAU.GCT.OA.IBLL.csproj", "{1FC0EA3E-5D58-454B-8674-8C7CD11FFB9C}"
EndProject
Project("{FAE04EC0-301F-11D3-BF4B-00C04F79EFBC}") = "SDAU.GCT.OA.BLL", "SDAU.GCT.OA.BLL\SDAU.GCT.OA.BLL.csproj", "{648A15E8-821F-4687-90C3-21F37EABBDF9}"
EndProject
Project("{FAE04EC0-301F-11D3-BF4B-00C04F79EFBC}") = "SDAU.GCT.OA.DALFactory", "SDAU.GCT.OA.DALFactory\SDAU.GCT.OA.DALFactory.csproj", "{39C13EC1-2981-4532-BCF7-3DCD8070B3A4}"
EndProject
Project("{FAE04EC0-301F-11D3-BF4B-00C04F79EFBC}") = "SDAU.GCT.OA.Common", "SDAU.GCT.OA.UI.Common\SDAU.GCT.OA.Common.csproj", "{AE9BBE3D-5DA0-42EC-8801-13F93E7C2EC4}"
EndProject
Project("{2150E333-8FDC-42A3-9474-1A3956D46DE8}") = "RedisDomain", "RedisDomain", "{5A382CBB-5A99-466D-98BA-2B38A94452A7}"
EndProject
Project("{FAE04EC0-301F-11D3-BF4B-00C04F79EFBC}") = "IRedisDAL", "IRedisDAL\IRedisDAL.csproj", "{BF55137A-39D4-4CF1-BA37-5414F5DF40A0}"
EndProject
Project("{FAE04EC0-301F-11D3-BF4B-00C04F79EFBC}") = "RedisDAL", "RedisDAL\RedisDAL.csproj", "{C5D51F84-3A8B-4113-A628-8B3D2FCBCA25}"
EndProject
Project("{FAE04EC0-301F-11D3-BF4B-00C04F79EFBC}") = "CacheHelper", "CacheHelper\CacheHelper.csproj", "{91CD46B1-329E-425D-8766-432E7EABD35C}"
EndProject
Project("{2150E333-8FDC-42A3-9474-1A3956D46DE8}") = "UnitTest", "UnitTest", "{66045847-4C43-4344-B7E9-1411A3F13E82}"
EndProject
Project("{FAE04EC0-301F-11D3-BF4B-00C04F79EFBC}") = "SDAU.GCT.OA.UnitTest", "SDAU.GCT.OA.UnitTest\SDAU.GCT.OA.UnitTest.csproj", "{52BA49CC-1FAA-4AC7-B2EA-AE2FA138E172}"
EndProject
Global
	GlobalSection(SolutionConfigurationPlatforms) = preSolution
		Debug|Any CPU = Debug|Any CPU
		Release|Any CPU = Release|Any CPU
	EndGlobalSection
	GlobalSection(ProjectConfigurationPlatforms) = postSolution
		{B9DC057C-1CDF-4C96-8A54-439361BE68C9}.Debug|Any CPU.ActiveCfg = Debug|Any CPU
		{B9DC057C-1CDF-4C96-8A54-439361BE68C9}.Debug|Any CPU.Build.0 = Debug|Any CPU
		{B9DC057C-1CDF-4C96-8A54-439361BE68C9}.Release|Any CPU.ActiveCfg = Release|Any CPU
		{B9DC057C-1CDF-4C96-8A54-439361BE68C9}.Release|Any CPU.Build.0 = Release|Any CPU
		{5EC2143B-9672-4B0F-8287-92F65CEC4DA6}.Debug|Any CPU.ActiveCfg = Debug|Any CPU
		{5EC2143B-9672-4B0F-8287-92F65CEC4DA6}.Debug|Any CPU.Build.0 = Debug|Any CPU
		{5EC2143B-9672-4B0F-8287-92F65CEC4DA6}.Release|Any CPU.ActiveCfg = Release|Any CPU
		{5EC2143B-9672-4B0F-8287-92F65CEC4DA6}.Release|Any CPU.Build.0 = Release|Any CPU
		{D23484D6-3111-4F3F-B8F7-47075FB98A1D}.Debug|Any CPU.ActiveCfg = Debug|Any CPU
		{D23484D6-3111-4F3F-B8F7-47075FB98A1D}.Debug|Any CPU.Build.0 = Debug|Any CPU
		{D23484D6-3111-4F3F-B8F7-47075FB98A1D}.Release|Any CPU.ActiveCfg = Release|Any CPU
		{D23484D6-3111-4F3F-B8F7-47075FB98A1D}.Release|Any CPU.Build.0 = Release|Any CPU
		{7B855083-75F7-4FDF-9C81-36D77E578F87}.Debug|Any CPU.ActiveCfg = Debug|Any CPU
		{7B855083-75F7-4FDF-9C81-36D77E578F87}.Debug|Any CPU.Build.0 = Debug|Any CPU
		{7B855083-75F7-4FDF-9C81-36D77E578F87}.Release|Any CPU.ActiveCfg = Release|Any CPU
		{7B855083-75F7-4FDF-9C81-36D77E578F87}.Release|Any CPU.Build.0 = Release|Any CPU
		{1FC0EA3E-5D58-454B-8674-8C7CD11FFB9C}.Debug|Any CPU.ActiveCfg = Debug|Any CPU
		{1FC0EA3E-5D58-454B-8674-8C7CD11FFB9C}.Debug|Any CPU.Build.0 = Debug|Any CPU
		{1FC0EA3E-5D58-454B-8674-8C7CD11FFB9C}.Release|Any CPU.ActiveCfg = Release|Any CPU
		{1FC0EA3E-5D58-454B-8674-8C7CD11FFB9C}.Release|Any CPU.Build.0 = Release|Any CPU
		{648A15E8-821F-4687-90C3-21F37EABBDF9}.Debug|Any CPU.ActiveCfg = Debug|Any CPU
		{648A15E8-821F-4687-90C3-21F37EABBDF9}.Debug|Any CPU.Build.0 = Debug|Any CPU
		{648A15E8-821F-4687-90C3-21F37EABBDF9}.Release|Any CPU.ActiveCfg = Release|Any CPU
		{648A15E8-821F-4687-90C3-21F37EABBDF9}.Release|Any CPU.Build.0 = Release|Any CPU
		{39C13EC1-2981-4532-BCF7-3DCD8070B3A4}.Debug|Any CPU.ActiveCfg = Debug|Any CPU
		{39C13EC1-2981-4532-BCF7-3DCD8070B3A4}.Debug|Any CPU.Build.0 = Debug|Any CPU
		{39C13EC1-2981-4532-BCF7-3DCD8070B3A4}.Release|Any CPU.ActiveCfg = Release|Any CPU
		{39C13EC1-2981-4532-BCF7-3DCD8070B3A4}.Release|Any CPU.Build.0 = Release|Any CPU
		{AE9BBE3D-5DA0-42EC-8801-13F93E7C2EC4}.Debug|Any CPU.ActiveCfg = Debug|Any CPU
		{AE9BBE3D-5DA0-42EC-8801-13F93E7C2EC4}.Debug|Any CPU.Build.0 = Debug|Any CPU
		{AE9BBE3D-5DA0-42EC-8801-13F93E7C2EC4}.Release|Any CPU.ActiveCfg = Release|Any CPU
		{AE9BBE3D-5DA0-42EC-8801-13F93E7C2EC4}.Release|Any CPU.Build.0 = Release|Any CPU
		{BF55137A-39D4-4CF1-BA37-5414F5DF40A0}.Debug|Any CPU.ActiveCfg = Debug|Any CPU
		{BF55137A-39D4-4CF1-BA37-5414F5DF40A0}.Debug|Any CPU.Build.0 = Debug|Any CPU
		{BF55137A-39D4-4CF1-BA37-5414F5DF40A0}.Release|Any CPU.ActiveCfg = Release|Any CPU
		{BF55137A-39D4-4CF1-BA37-5414F5DF40A0}.Release|Any CPU.Build.0 = Release|Any CPU
		{C5D51F84-3A8B-4113-A628-8B3D2FCBCA25}.Debug|Any CPU.ActiveCfg = Debug|Any CPU
		{C5D51F84-3A8B-4113-A628-8B3D2FCBCA25}.Debug|Any CPU.Build.0 = Debug|Any CPU
		{C5D51F84-3A8B-4113-A628-8B3D2FCBCA25}.Release|Any CPU.ActiveCfg = Release|Any CPU
		{C5D51F84-3A8B-4113-A628-8B3D2FCBCA25}.Release|Any CPU.Build.0 = Release|Any CPU
		{91CD46B1-329E-425D-8766-432E7EABD35C}.Debug|Any CPU.ActiveCfg = Debug|Any CPU
		{91CD46B1-329E-425D-8766-432E7EABD35C}.Debug|Any CPU.Build.0 = Debug|Any CPU
		{91CD46B1-329E-425D-8766-432E7EABD35C}.Release|Any CPU.ActiveCfg = Release|Any CPU
		{91CD46B1-329E-425D-8766-432E7EABD35C}.Release|Any CPU.Build.0 = Release|Any CPU
		{52BA49CC-1FAA-4AC7-B2EA-AE2FA138E172}.Debug|Any CPU.ActiveCfg = Debug|Any CPU
		{52BA49CC-1FAA-4AC7-B2EA-AE2FA138E172}.Debug|Any CPU.Build.0 = Debug|Any CPU
		{52BA49CC-1FAA-4AC7-B2EA-AE2FA138E172}.Release|Any CPU.ActiveCfg = Release|Any CPU
		{52BA49CC-1FAA-4AC7-B2EA-AE2FA138E172}.Release|Any CPU.Build.0 = Release|Any CPU
	EndGlobalSection
	GlobalSection(SolutionProperties) = preSolution
		HideSolutionNode = FALSE
	EndGlobalSection
	GlobalSection(NestedProjects) = preSolution
		{B9DC057C-1CDF-4C96-8A54-439361BE68C9} = {9F290A43-CCC0-41D9-A1FA-469AD8567B4B}
		{5EC2143B-9672-4B0F-8287-92F65CEC4DA6} = {12CFF90F-87D4-4C17-88FC-31F3881C8DA7}
		{D23484D6-3111-4F3F-B8F7-47075FB98A1D} = {234A2370-3FA1-4650-ACED-8800A094C975}
		{7B855083-75F7-4FDF-9C81-36D77E578F87} = {234A2370-3FA1-4650-ACED-8800A094C975}
		{1FC0EA3E-5D58-454B-8674-8C7CD11FFB9C} = {30C9B13C-2164-4584-9BD0-A5070CFDEA92}
		{648A15E8-821F-4687-90C3-21F37EABBDF9} = {30C9B13C-2164-4584-9BD0-A5070CFDEA92}
		{39C13EC1-2981-4532-BCF7-3DCD8070B3A4} = {234A2370-3FA1-4650-ACED-8800A094C975}
		{AE9BBE3D-5DA0-42EC-8801-13F93E7C2EC4} = {99AE3603-DAEB-4838-9806-BED1435B8E6B}
		{BF55137A-39D4-4CF1-BA37-5414F5DF40A0} = {5A382CBB-5A99-466D-98BA-2B38A94452A7}
		{C5D51F84-3A8B-4113-A628-8B3D2FCBCA25} = {5A382CBB-5A99-466D-98BA-2B38A94452A7}
		{91CD46B1-329E-425D-8766-432E7EABD35C} = {5A382CBB-5A99-466D-98BA-2B38A94452A7}
		{52BA49CC-1FAA-4AC7-B2EA-AE2FA138E172} = {66045847-4C43-4344-B7E9-1411A3F13E82}
	EndGlobalSection
	GlobalSection(ExtensibilityGlobals) = postSolution
		SolutionGuid = {1F0C1F00-75C1-4A08-995D-9F990D30CD97}
	EndGlobalSection
EndGlobal
